
Microsoft Visual Studio Solution File, Format Version 12.00
# Visual Studio Version 17
VisualStudioVersion = 17.0.31903.59
MinimumVisualStudioVersion = 10.0.40219.1
Project("{FAE04EC0-301F-11D3-BF4B-00C04F79EFBC}") = "SecretsManager", "src\SecretsManager\SecretsManager.csproj", "{A1B2C3D4-E5F6-7890-ABCD-EF1234567890}"
EndProject
Project("{FAE04EC0-301F-11D3-BF4B-00C04F79EFBC}") = "SecretsManager.Tests", "tests\SecretsManager.Tests\SecretsManager.Tests.csproj", "{B2C3D4E5-F6A7-8901-BCDE-F12345678901}"
EndProject
Project("{FAE04EC0-301F-11D3-BF4B-00C04F79EFBC}") = "SecretsManager.FileSystem", "src\SecretsManager.FileSystem\SecretsManager.FileSystem.csproj", "{C3D4E5F6-A7B8-9012-CDEF-123456789012}"
EndProject
Project("{FAE04EC0-301F-11D3-BF4B-00C04F79EFBC}") = "SecretsManager.FileSystem.Tests", "tests\SecretsManager.FileSystem.Tests\SecretsManager.FileSystem.Tests.csproj", "{D4E5F6A7-B8C9-0123-DEF0-234567890123}"
EndProject
Project("{FAE04EC0-301F-11D3-BF4B-00C04F79EFBC}") = "SecretsManager.AzureKeyVault", "src\SecretsManager.AzureKeyVault\SecretsManager.AzureKeyVault.csproj", "{E5F6A7B8-C9D0-1234-EF01-345678901234}"
EndProject
Project("{FAE04EC0-301F-11D3-BF4B-00C04F79EFBC}") = "SecretsManager.AzureKeyVault.Tests", "tests\SecretsManager.AzureKeyVault.Tests\SecretsManager.AzureKeyVault.Tests.csproj", "{F6A7B8C9-D0E1-2345-F012-456789012345}"
EndProject
Project("{FAE04EC0-301F-11D3-BF4B-00C04F79EFBC}") = "SecretsManager.Scaleway", "src\SecretsManager.Scaleway\SecretsManager.Scaleway.csproj", "{A1234567-B234-C345-D456-E56789012345}"
EndProject
Project("{FAE04EC0-301F-11D3-BF4B-00C04F79EFBC}") = "SecretsManager.Scaleway.Tests", "tests\SecretsManager.Scaleway.Tests\SecretsManager.Scaleway.Tests.csproj", "{B2345678-C345-D456-E567-F67890123456}"
EndProject
Project("{FAE04EC0-301F-11D3-BF4B-00C04F79EFBC}") = "SecretsManager.IntegrationTests", "tests\SecretsManager.IntegrationTests\SecretsManager.IntegrationTests.csproj", "{C3456789-D456-E567-F678-789012345678}"
EndProject
Project("{FAE04EC0-301F-11D3-BF4B-00C04F79EFBC}") = "SecretsManager.PostgreSql", "src\SecretsManager.PostgreSql\SecretsManager.PostgreSql.csproj", "{D4567890-E567-F678-A789-890123456789}"
EndProject
Project("{FAE04EC0-301F-11D3-BF4B-00C04F79EFBC}") = "SecretsManager.PostgreSql.Tests", "tests\SecretsManager.PostgreSql.Tests\SecretsManager.PostgreSql.Tests.csproj", "{E5678901-F678-A789-B890-901234567890}"
EndProject
Project("{FAE04EC0-301F-11D3-BF4B-00C04F79EFBC}") = "SecretsManager.AwsSecretsManager", "src\SecretsManager.AwsSecretsManager\SecretsManager.AwsSecretsManager.csproj", "{F6789012-A789-B890-C901-012345678901}"
EndProject
Project("{FAE04EC0-301F-11D3-BF4B-00C04F79EFBC}") = "SecretsManager.AwsSecretsManager.Tests", "tests\SecretsManager.AwsSecretsManager.Tests\SecretsManager.AwsSecretsManager.Tests.csproj", "{A7890123-B890-C901-D012-123456789012}"
EndProject
Project("{FAE04EC0-301F-11D3-BF4B-00C04F79EFBC}") = "SecretsManager.OracleVault", "src\SecretsManager.OracleVault\SecretsManager.OracleVault.csproj", "{B8901234-C901-D012-E123-234567890123}"
EndProject
Project("{FAE04EC0-301F-11D3-BF4B-00C04F79EFBC}") = "SecretsManager.OracleVault.Tests", "tests\SecretsManager.OracleVault.Tests\SecretsManager.OracleVault.Tests.csproj", "{C9012345-D012-E123-F234-345678901234}"
EndProject
Project("{FAE04EC0-301F-11D3-BF4B-00C04F79EFBC}") = "SecretsManager.GoogleSecretManager", "src\SecretsManager.GoogleSecretManager\SecretsManager.GoogleSecretManager.csproj", "{B8901234-C901-D012-E123-234567890123}"
EndProject
Project("{FAE04EC0-301F-11D3-BF4B-00C04F79EFBC}") = "SecretsManager.GoogleSecretManager.Tests", "tests\SecretsManager.GoogleSecretManager.Tests\SecretsManager.GoogleSecretManager.Tests.csproj", "{C9012345-D012-E123-F234-345678901234}"
EndProject
Project("{FAE04EC0-301F-11D3-BF4B-00C04F79EFBC}") = "SecretsManager.Passbolt", "src\SecretsManager.Passbolt\SecretsManager.Passbolt.csproj", "{E6789012-F789-A890-B901-123456789012}"
EndProject
Project("{FAE04EC0-301F-11D3-BF4B-00C04F79EFBC}") = "SecretsManager.Passbolt.Tests", "tests\SecretsManager.Passbolt.Tests\SecretsManager.Passbolt.Tests.csproj", "{F7890123-A890-B901-C012-234567890123}"
EndProject
Project("{2150E333-8FDC-42A3-9474-1A3956D46DE8}") = "Providers", "Providers", "{D1AE9035-7433-4551-95BD-23899030B928}"
EndProject
Global
	GlobalSection(SolutionConfigurationPlatforms) = preSolution
		Debug|Any CPU = Debug|Any CPU
		Release|Any CPU = Release|Any CPU
	EndGlobalSection
	GlobalSection(ProjectConfigurationPlatforms) = postSolution
		{A1B2C3D4-E5F6-7890-ABCD-EF1234567890}.Debug|Any CPU.ActiveCfg = Debug|Any CPU
		{A1B2C3D4-E5F6-7890-ABCD-EF1234567890}.Debug|Any CPU.Build.0 = Debug|Any CPU
		{A1B2C3D4-E5F6-7890-ABCD-EF1234567890}.Release|Any CPU.ActiveCfg = Release|Any CPU
		{A1B2C3D4-E5F6-7890-ABCD-EF1234567890}.Release|Any CPU.Build.0 = Release|Any CPU
		{B2C3D4E5-F6A7-8901-BCDE-F12345678901}.Debug|Any CPU.ActiveCfg = Debug|Any CPU
		{B2C3D4E5-F6A7-8901-BCDE-F12345678901}.Debug|Any CPU.Build.0 = Debug|Any CPU
		{B2C3D4E5-F6A7-8901-BCDE-F12345678901}.Release|Any CPU.ActiveCfg = Release|Any CPU
		{B2C3D4E5-F6A7-8901-BCDE-F12345678901}.Release|Any CPU.Build.0 = Release|Any CPU
		{C3D4E5F6-A7B8-9012-CDEF-123456789012}.Debug|Any CPU.ActiveCfg = Debug|Any CPU
		{C3D4E5F6-A7B8-9012-CDEF-123456789012}.Debug|Any CPU.Build.0 = Debug|Any CPU
		{C3D4E5F6-A7B8-9012-CDEF-123456789012}.Release|Any CPU.ActiveCfg = Release|Any CPU
		{C3D4E5F6-A7B8-9012-CDEF-123456789012}.Release|Any CPU.Build.0 = Release|Any CPU
		{D4E5F6A7-B8C9-0123-DEF0-234567890123}.Debug|Any CPU.ActiveCfg = Debug|Any CPU
		{D4E5F6A7-B8C9-0123-DEF0-234567890123}.Debug|Any CPU.Build.0 = Debug|Any CPU
		{D4E5F6A7-B8C9-0123-DEF0-234567890123}.Release|Any CPU.ActiveCfg = Release|Any CPU
		{D4E5F6A7-B8C9-0123-DEF0-234567890123}.Release|Any CPU.Build.0 = Release|Any CPU
		{E5F6A7B8-C9D0-1234-EF01-345678901234}.Debug|Any CPU.ActiveCfg = Debug|Any CPU
		{E5F6A7B8-C9D0-1234-EF01-345678901234}.Debug|Any CPU.Build.0 = Debug|Any CPU
		{E5F6A7B8-C9D0-1234-EF01-345678901234}.Release|Any CPU.ActiveCfg = Release|Any CPU
		{E5F6A7B8-C9D0-1234-EF01-345678901234}.Release|Any CPU.Build.0 = Release|Any CPU
		{F6A7B8C9-D0E1-2345-F012-456789012345}.Debug|Any CPU.ActiveCfg = Debug|Any CPU
		{F6A7B8C9-D0E1-2345-F012-456789012345}.Debug|Any CPU.Build.0 = Debug|Any CPU
		{F6A7B8C9-D0E1-2345-F012-456789012345}.Release|Any CPU.ActiveCfg = Release|Any CPU
		{F6A7B8C9-D0E1-2345-F012-456789012345}.Release|Any CPU.Build.0 = Release|Any CPU
		{A1234567-B234-C345-D456-E56789012345}.Debug|Any CPU.ActiveCfg = Debug|Any CPU
		{A1234567-B234-C345-D456-E56789012345}.Debug|Any CPU.Build.0 = Debug|Any CPU
		{A1234567-B234-C345-D456-E56789012345}.Release|Any CPU.ActiveCfg = Release|Any CPU
		{A1234567-B234-C345-D456-E56789012345}.Release|Any CPU.Build.0 = Release|Any CPU
		{B2345678-C345-D456-E567-F67890123456}.Debug|Any CPU.ActiveCfg = Debug|Any CPU
		{B2345678-C345-D456-E567-F67890123456}.Debug|Any CPU.Build.0 = Debug|Any CPU
		{B2345678-C345-D456-E567-F67890123456}.Release|Any CPU.ActiveCfg = Release|Any CPU
		{B2345678-C345-D456-E567-F67890123456}.Release|Any CPU.Build.0 = Release|Any CPU
		{C3456789-D456-E567-F678-789012345678}.Debug|Any CPU.ActiveCfg = Debug|Any CPU
		{C3456789-D456-E567-F678-789012345678}.Debug|Any CPU.Build.0 = Debug|Any CPU
		{C3456789-D456-E567-F678-789012345678}.Release|Any CPU.ActiveCfg = Release|Any CPU
		{C3456789-D456-E567-F678-789012345678}.Release|Any CPU.Build.0 = Release|Any CPU
		{D4567890-E567-F678-A789-890123456789}.Debug|Any CPU.ActiveCfg = Debug|Any CPU
		{D4567890-E567-F678-A789-890123456789}.Debug|Any CPU.Build.0 = Debug|Any CPU
		{D4567890-E567-F678-A789-890123456789}.Release|Any CPU.ActiveCfg = Release|Any CPU
		{D4567890-E567-F678-A789-890123456789}.Release|Any CPU.Build.0 = Release|Any CPU
		{F6789012-A789-B890-C901-012345678901}.Debug|Any CPU.ActiveCfg = Debug|Any CPU
		{F6789012-A789-B890-C901-012345678901}.Debug|Any CPU.Build.0 = Debug|Any CPU
		{F6789012-A789-B890-C901-012345678901}.Release|Any CPU.ActiveCfg = Release|Any CPU
		{F6789012-A789-B890-C901-012345678901}.Release|Any CPU.Build.0 = Release|Any CPU
		{A7890123-B890-C901-D012-123456789012}.Debug|Any CPU.ActiveCfg = Debug|Any CPU
		{A7890123-B890-C901-D012-123456789012}.Debug|Any CPU.Build.0 = Debug|Any CPU
		{A7890123-B890-C901-D012-123456789012}.Release|Any CPU.ActiveCfg = Release|Any CPU
		{A7890123-B890-C901-D012-123456789012}.Release|Any CPU.Build.0 = Release|Any CPU
		{E5678901-F678-A789-B890-901234567890}.Debug|Any CPU.ActiveCfg = Debug|Any CPU
		{E5678901-F678-A789-B890-901234567890}.Debug|Any CPU.Build.0 = Debug|Any CPU
		{E5678901-F678-A789-B890-901234567890}.Release|Any CPU.ActiveCfg = Release|Any CPU
		{E5678901-F678-A789-B890-901234567890}.Release|Any CPU.Build.0 = Release|Any CPU
		{B8901234-C901-D012-E123-234567890123}.Debug|Any CPU.ActiveCfg = Debug|Any CPU
		{B8901234-C901-D012-E123-234567890123}.Debug|Any CPU.Build.0 = Debug|Any CPU
		{B8901234-C901-D012-E123-234567890123}.Release|Any CPU.ActiveCfg = Release|Any CPU
		{B8901234-C901-D012-E123-234567890123}.Release|Any CPU.Build.0 = Release|Any CPU
		{C9012345-D012-E123-F234-345678901234}.Debug|Any CPU.ActiveCfg = Debug|Any CPU
		{C9012345-D012-E123-F234-345678901234}.Debug|Any CPU.Build.0 = Debug|Any CPU
		{C9012345-D012-E123-F234-345678901234}.Release|Any CPU.ActiveCfg = Release|Any CPU
		{C9012345-D012-E123-F234-345678901234}.Release|Any CPU.Build.0 = Release|Any CPU
		{E6789012-F789-A890-B901-123456789012}.Debug|Any CPU.ActiveCfg = Debug|Any CPU
		{E6789012-F789-A890-B901-123456789012}.Debug|Any CPU.Build.0 = Debug|Any CPU
		{E6789012-F789-A890-B901-123456789012}.Release|Any CPU.ActiveCfg = Release|Any CPU
		{E6789012-F789-A890-B901-123456789012}.Release|Any CPU.Build.0 = Release|Any CPU
		{F7890123-A890-B901-C012-234567890123}.Debug|Any CPU.ActiveCfg = Debug|Any CPU
		{F7890123-A890-B901-C012-234567890123}.Debug|Any CPU.Build.0 = Debug|Any CPU
		{F7890123-A890-B901-C012-234567890123}.Release|Any CPU.ActiveCfg = Release|Any CPU
		{F7890123-A890-B901-C012-234567890123}.Release|Any CPU.Build.0 = Release|Any CPU
	EndGlobalSection
	GlobalSection(SolutionProperties) = preSolution
		HideSolutionNode = FALSE
	EndGlobalSection
	GlobalSection(NestedProjects) = preSolution
		{E5F6A7B8-C9D0-1234-EF01-345678901234} = {D1AE9035-7433-4551-95BD-23899030B928}
		{F6A7B8C9-D0E1-2345-F012-456789012345} = {D1AE9035-7433-4551-95BD-23899030B928}
		{C3D4E5F6-A7B8-9012-CDEF-123456789012} = {D1AE9035-7433-4551-95BD-23899030B928}
		{D4E5F6A7-B8C9-0123-DEF0-234567890123} = {D1AE9035-7433-4551-95BD-23899030B928}
		{A1234567-B234-C345-D456-E56789012345} = {D1AE9035-7433-4551-95BD-23899030B928}
		{B2345678-C345-D456-E567-F67890123456} = {D1AE9035-7433-4551-95BD-23899030B928}
		{D4567890-E567-F678-A789-890123456789} = {D1AE9035-7433-4551-95BD-23899030B928}
		{E5678901-F678-A789-B890-901234567890} = {D1AE9035-7433-4551-95BD-23899030B928}
		{F6789012-A789-B890-C901-012345678901} = {D1AE9035-7433-4551-95BD-23899030B928}
		{A7890123-B890-C901-D012-123456789012} = {D1AE9035-7433-4551-95BD-23899030B928}
		{B8901234-C901-D012-E123-234567890123} = {D1AE9035-7433-4551-95BD-23899030B928}
		{C9012345-D012-E123-F234-345678901234} = {D1AE9035-7433-4551-95BD-23899030B928}
		{E6789012-F789-A890-B901-123456789012} = {D1AE9035-7433-4551-95BD-23899030B928}
		{F7890123-A890-B901-C012-234567890123} = {D1AE9035-7433-4551-95BD-23899030B928}
	EndGlobalSection
EndGlobal
